
Microsoft Visual Studio Solution File, Format Version 11.00
# Visual Studio 2010
Project("{8BC9CEB8-8B4A-11D0-8D11-00A0C91BC942}") = "Bubble Level Editor", "Bubble Level Editor\Bubble Level Editor.vcxproj", "{42874835-902B-4644-944D-1BAD770F38F2}"
EndProject
Global
	GlobalSection(SolutionConfigurationPlatforms) = preSolution
		Debug|Win32 = Debug|Win32
		Release|Win32 = Release|Win32
	EndGlobalSection
	GlobalSection(ProjectConfigurationPlatforms) = postSolution
		{42874835-902B-4644-944D-1BAD770F38F2}.Debug|Win32.ActiveCfg = Debug|Win32
		{42874835-902B-4644-944D-1BAD770F38F2}.Debug|Win32.Build.0 = Debug|Win32
		{42874835-902B-4644-944D-1BAD770F38F2}.Release|Win32.ActiveCfg = Release|Win32
		{42874835-902B-4644-944D-1BAD770F38F2}.Release|Win32.Build.0 = Release|Win32
	EndGlobalSection
	GlobalSection(SolutionProperties) = preSolution
		HideSolutionNode = FALSE
	EndGlobalSection
EndGlobal
